// !$*UTF8*$!
{
	archiveVersion = 1;
	classes = {
	};
	objectVersion = 50;
	objects = {

/* Begin PBXBuildFile section */
		C9AE1EA9C8113A3667DAA219 /* Pods_ToDoey.framework in Frameworks */ = {isa = PBXBuildFile; fileRef = 3CEF1DE30D608EA222F9FDE3 /* Pods_ToDoey.framework */; };
		D47DE46121DFA5FB00CFCF47 /* AppDelegate.swift in Sources */ = {isa = PBXBuildFile; fileRef = D47DE46021DFA5FB00CFCF47 /* AppDelegate.swift */; };
		D47DE46321DFA5FB00CFCF47 /* ToDoListViewController.swift in Sources */ = {isa = PBXBuildFile; fileRef = D47DE46221DFA5FB00CFCF47 /* ToDoListViewController.swift */; };
		D47DE46621DFA5FB00CFCF47 /* Main.storyboard in Resources */ = {isa = PBXBuildFile; fileRef = D47DE46421DFA5FB00CFCF47 /* Main.storyboard */; };
		D47DE46821DFA5FD00CFCF47 /* Assets.xcassets in Resources */ = {isa = PBXBuildFile; fileRef = D47DE46721DFA5FD00CFCF47 /* Assets.xcassets */; };
		D47DE46B21DFA5FD00CFCF47 /* LaunchScreen.storyboard in Resources */ = {isa = PBXBuildFile; fileRef = D47DE46921DFA5FD00CFCF47 /* LaunchScreen.storyboard */; };
		D481F6DF21E5068800D0E7C1 /* Item.swift in Sources */ = {isa = PBXBuildFile; fileRef = D481F6DE21E5068800D0E7C1 /* Item.swift */; };
		D481F6E121E5069500D0E7C1 /* Category.swift in Sources */ = {isa = PBXBuildFile; fileRef = D481F6E021E5069500D0E7C1 /* Category.swift */; };
		D486435E21E3A5AB00EB0D37 /* CategoryViewController.swift in Sources */ = {isa = PBXBuildFile; fileRef = D486435D21E3A5AB00EB0D37 /* CategoryViewController.swift */; };
/* End PBXBuildFile section */

/* Begin PBXFileReference section */
		3CEF1DE30D608EA222F9FDE3 /* Pods_ToDoey.framework */ = {isa = PBXFileReference; explicitFileType = wrapper.framework; includeInIndex = 0; path = Pods_ToDoey.framework; sourceTree = BUILT_PRODUCTS_DIR; };
		ABDBC84B4EC268598D7FC080 /* Pods-ToDoey.release.xcconfig */ = {isa = PBXFileReference; includeInIndex = 1; lastKnownFileType = text.xcconfig; name = "Pods-ToDoey.release.xcconfig"; path = "Pods/Target Support Files/Pods-ToDoey/Pods-ToDoey.release.xcconfig"; sourceTree = "<group>"; };
		D47DE45D21DFA5FB00CFCF47 /* ToDoey.app */ = {isa = PBXFileReference; explicitFileType = wrapper.application; includeInIndex = 0; path = ToDoey.app; sourceTree = BUILT_PRODUCTS_DIR; };
		D47DE46021DFA5FB00CFCF47 /* AppDelegate.swift */ = {isa = PBXFileReference; lastKnownFileType = sourcecode.swift; path = AppDelegate.swift; sourceTree = "<group>"; };
		D47DE46221DFA5FB00CFCF47 /* ToDoListViewController.swift */ = {isa = PBXFileReference; lastKnownFileType = sourcecode.swift; path = ToDoListViewController.swift; sourceTree = "<group>"; };
		D47DE46521DFA5FB00CFCF47 /* Base */ = {isa = PBXFileReference; lastKnownFileType = file.storyboard; name = Base; path = Base.lproj/Main.storyboard; sourceTree = "<group>"; };
		D47DE46721DFA5FD00CFCF47 /* Assets.xcassets */ = {isa = PBXFileReference; lastKnownFileType = folder.assetcatalog; path = Assets.xcassets; sourceTree = "<group>"; };
		D47DE46A21DFA5FD00CFCF47 /* Base */ = {isa = PBXFileReference; lastKnownFileType = file.storyboard; name = Base; path = Base.lproj/LaunchScreen.storyboard; sourceTree = "<group>"; };
		D47DE46C21DFA5FD00CFCF47 /* Info.plist */ = {isa = PBXFileReference; lastKnownFileType = text.plist.xml; path = Info.plist; sourceTree = "<group>"; };
		D481F6DE21E5068800D0E7C1 /* Item.swift */ = {isa = PBXFileReference; lastKnownFileType = sourcecode.swift; path = Item.swift; sourceTree = "<group>"; };
		D481F6E021E5069500D0E7C1 /* Category.swift */ = {isa = PBXFileReference; lastKnownFileType = sourcecode.swift; path = Category.swift; sourceTree = "<group>"; };
		D486435D21E3A5AB00EB0D37 /* CategoryViewController.swift */ = {isa = PBXFileReference; lastKnownFileType = sourcecode.swift; name = CategoryViewController.swift; path = ToDoey/Controllers/CategoryViewController.swift; sourceTree = SOURCE_ROOT; };
		E638B69D5E242535271822B4 /* Pods-ToDoey.debug.xcconfig */ = {isa = PBXFileReference; includeInIndex = 1; lastKnownFileType = text.xcconfig; name = "Pods-ToDoey.debug.xcconfig"; path = "Pods/Target Support Files/Pods-ToDoey/Pods-ToDoey.debug.xcconfig"; sourceTree = "<group>"; };
/* End PBXFileReference section */

/* Begin PBXFrameworksBuildPhase section */
		D47DE45A21DFA5FB00CFCF47 /* Frameworks */ = {
			isa = PBXFrameworksBuildPhase;
			buildActionMask = 2147483647;
			files = (
				C9AE1EA9C8113A3667DAA219 /* Pods_ToDoey.framework in Frameworks */,
			);
			runOnlyForDeploymentPostprocessing = 0;
		};
/* End PBXFrameworksBuildPhase section */

/* Begin PBXGroup section */
		1C740EEDD3F6101851E7CA0C /* Frameworks */ = {
			isa = PBXGroup;
			children = (
				3CEF1DE30D608EA222F9FDE3 /* Pods_ToDoey.framework */,
			);
			name = Frameworks;
			sourceTree = "<group>";
		};
		D47DE45421DFA5FB00CFCF47 = {
			isa = PBXGroup;
			children = (
				D47DE45F21DFA5FB00CFCF47 /* ToDoey */,
				D47DE45E21DFA5FB00CFCF47 /* Products */,
				D7233BFA5FE38A0AF7F87ED7 /* Pods */,
				1C740EEDD3F6101851E7CA0C /* Frameworks */,
			);
			sourceTree = "<group>";
		};
		D47DE45E21DFA5FB00CFCF47 /* Products */ = {
			isa = PBXGroup;
			children = (
				D47DE45D21DFA5FB00CFCF47 /* ToDoey.app */,
			);
			name = Products;
			sourceTree = "<group>";
		};
		D47DE45F21DFA5FB00CFCF47 /* ToDoey */ = {
			isa = PBXGroup;
			children = (
				D47DE46021DFA5FB00CFCF47 /* AppDelegate.swift */,
				D47DE47621DFC97300CFCF47 /* Controllers */,
				D47DE47521DFC96700CFCF47 /* Views */,
				D47DE47421DFC94600CFCF47 /* DataModel */,
				D47DE47721DFC97F00CFCF47 /* Supporting Files */,
				D47DE46C21DFA5FD00CFCF47 /* Info.plist */,
			);
			path = ToDoey;
			sourceTree = "<group>";
		};
		D47DE47421DFC94600CFCF47 /* DataModel */ = {
			isa = PBXGroup;
			children = (
				D481F6E021E5069500D0E7C1 /* Category.swift */,
				D481F6DE21E5068800D0E7C1 /* Item.swift */,
			);
			path = DataModel;
			sourceTree = "<group>";
		};
		D47DE47521DFC96700CFCF47 /* Views */ = {
			isa = PBXGroup;
			children = (
				D47DE46421DFA5FB00CFCF47 /* Main.storyboard */,
			);
			path = Views;
			sourceTree = "<group>";
		};
		D47DE47621DFC97300CFCF47 /* Controllers */ = {
			isa = PBXGroup;
			children = (
				D47DE46221DFA5FB00CFCF47 /* ToDoListViewController.swift */,
				D486435D21E3A5AB00EB0D37 /* CategoryViewController.swift */,
			);
			path = Controllers;
			sourceTree = "<group>";
		};
		D47DE47721DFC97F00CFCF47 /* Supporting Files */ = {
			isa = PBXGroup;
			children = (
				D47DE46721DFA5FD00CFCF47 /* Assets.xcassets */,
				D47DE46921DFA5FD00CFCF47 /* LaunchScreen.storyboard */,
			);
			path = "Supporting Files";
			sourceTree = "<group>";
		};
		D7233BFA5FE38A0AF7F87ED7 /* Pods */ = {
			isa = PBXGroup;
			children = (
				E638B69D5E242535271822B4 /* Pods-ToDoey.debug.xcconfig */,
				ABDBC84B4EC268598D7FC080 /* Pods-ToDoey.release.xcconfig */,
			);
			name = Pods;
			sourceTree = "<group>";
		};
/* End PBXGroup section */

/* Begin PBXNativeTarget section */
		D47DE45C21DFA5FB00CFCF47 /* ToDoey */ = {
			isa = PBXNativeTarget;
			buildConfigurationList = D47DE46F21DFA5FD00CFCF47 /* Build configuration list for PBXNativeTarget "ToDoey" */;
			buildPhases = (
				F4259C154F9766FBAB4548B3 /* [CP] Check Pods Manifest.lock */,
				D47DE45921DFA5FB00CFCF47 /* Sources */,
				D47DE45A21DFA5FB00CFCF47 /* Frameworks */,
				D47DE45B21DFA5FB00CFCF47 /* Resources */,
				1BBD40C8CE31FEFBB0FDD343 /* [CP] Embed Pods Frameworks */,
			);
			buildRules = (
			);
			dependencies = (
			);
			name = ToDoey;
			productName = ToDoey;
			productReference = D47DE45D21DFA5FB00CFCF47 /* ToDoey.app */;
			productType = "com.apple.product-type.application";
		};
/* End PBXNativeTarget section */

/* Begin PBXProject section */
		D47DE45521DFA5FB00CFCF47 /* Project object */ = {
			isa = PBXProject;
			attributes = {
				LastSwiftUpdateCheck = 1010;
				LastUpgradeCheck = 1010;
				ORGANIZATIONNAME = Dersana;
				TargetAttributes = {
					D47DE45C21DFA5FB00CFCF47 = {
						CreatedOnToolsVersion = 10.1;
					};
				};
			};
			buildConfigurationList = D47DE45821DFA5FB00CFCF47 /* Build configuration list for PBXProject "ToDoey" */;
			compatibilityVersion = "Xcode 9.3";
			developmentRegion = en;
			hasScannedForEncodings = 0;
			knownRegions = (
				en,
				Base,
			);
			mainGroup = D47DE45421DFA5FB00CFCF47;
			productRefGroup = D47DE45E21DFA5FB00CFCF47 /* Products */;
			projectDirPath = "";
			projectRoot = "";
			targets = (
				D47DE45C21DFA5FB00CFCF47 /* ToDoey */,
			);
		};
/* End PBXProject section */

/* Begin PBXResourcesBuildPhase section */
		D47DE45B21DFA5FB00CFCF47 /* Resources */ = {
			isa = PBXResourcesBuildPhase;
			buildActionMask = 2147483647;
			files = (
				D47DE46B21DFA5FD00CFCF47 /* LaunchScreen.storyboard in Resources */,
				D47DE46821DFA5FD00CFCF47 /* Assets.xcassets in Resources */,
				D47DE46621DFA5FB00CFCF47 /* Main.storyboard in Resources */,
			);
			runOnlyForDeploymentPostprocessing = 0;
		};
/* End PBXResourcesBuildPhase section */

/* Begin PBXShellScriptBuildPhase section */
		1BBD40C8CE31FEFBB0FDD343 /* [CP] Embed Pods Frameworks */ = {
			isa = PBXShellScriptBuildPhase;
			buildActionMask = 2147483647;
			files = (
			);
			inputFileListPaths = (
			);
			inputPaths = (
				"${SRCROOT}/Pods/Target Support Files/Pods-ToDoey/Pods-ToDoey-frameworks.sh",
				"${BUILT_PRODUCTS_DIR}/Realm/Realm.framework",
				"${BUILT_PRODUCTS_DIR}/RealmSwift/RealmSwift.framework",
			);
			name = "[CP] Embed Pods Frameworks";
			outputFileListPaths = (
			);
			outputPaths = (
				"${TARGET_BUILD_DIR}/${FRAMEWORKS_FOLDER_PATH}/Realm.framework",
				"${TARGET_BUILD_DIR}/${FRAMEWORKS_FOLDER_PATH}/RealmSwift.framework",
			);
			runOnlyForDeploymentPostprocessing = 0;
			shellPath = /bin/sh;
			shellScript = "\"${SRCROOT}/Pods/Target Support Files/Pods-ToDoey/Pods-ToDoey-frameworks.sh\"\n";
			showEnvVarsInLog = 0;
		};
		F4259C154F9766FBAB4548B3 /* [CP] Check Pods Manifest.lock */ = {
			isa = PBXShellScriptBuildPhase;
			buildActionMask = 2147483647;
			files = (
			);
			inputFileListPaths = (
			);
			inputPaths = (
				"${PODS_PODFILE_DIR_PATH}/Podfile.lock",
				"${PODS_ROOT}/Manifest.lock",
			);
			name = "[CP] Check Pods Manifest.lock";
			outputFileListPaths = (
			);
			outputPaths = (
				"$(DERIVED_FILE_DIR)/Pods-ToDoey-checkManifestLockResult.txt",
			);
			runOnlyForDeploymentPostprocessing = 0;
			shellPath = /bin/sh;
			shellScript = "diff \"${PODS_PODFILE_DIR_PATH}/Podfile.lock\" \"${PODS_ROOT}/Manifest.lock\" > /dev/null\nif [ $? != 0 ] ; then\n    # print error to STDERR\n    echo \"error: The sandbox is not in sync with the Podfile.lock. Run 'pod install' or update your CocoaPods installation.\" >&2\n    exit 1\nfi\n# This output is used by Xcode 'outputs' to avoid re-running this script phase.\necho \"SUCCESS\" > \"${SCRIPT_OUTPUT_FILE_0}\"\n";
			showEnvVarsInLog = 0;
		};
/* End PBXShellScriptBuildPhase section */

/* Begin PBXSourcesBuildPhase section */
		D47DE45921DFA5FB00CFCF47 /* Sources */ = {
			isa = PBXSourcesBuildPhase;
			buildActionMask = 2147483647;
			files = (
				D481F6DF21E5068800D0E7C1 /* Item.swift in Sources */,
				D481F6E121E5069500D0E7C1 /* Category.swift in Sources */,
				D486435E21E3A5AB00EB0D37 /* CategoryViewController.swift in Sources */,
				D47DE46321DFA5FB00CFCF47 /* ToDoListViewController.swift in Sources */,
				D47DE46121DFA5FB00CFCF47 /* AppDelegate.swift in Sources */,
			);
			runOnlyForDeploymentPostprocessing = 0;
		};
/* End PBXSourcesBuildPhase section */

/* Begin PBXVariantGroup section */
		D47DE46421DFA5FB00CFCF47 /* Main.storyboard */ = {
			isa = PBXVariantGroup;
			children = (
				D47DE46521DFA5FB00CFCF47 /* Base */,
			);
			name = Main.storyboard;
			sourceTree = "<group>";
		};
		D47DE46921DFA5FD00CFCF47 /* LaunchScreen.storyboard */ = {
			isa = PBXVariantGroup;
			children = (
				D47DE46A21DFA5FD00CFCF47 /* Base */,
			);
			name = LaunchScreen.storyboard;
			sourceTree = "<group>";
		};
/* End PBXVariantGroup section */

/* Begin XCBuildConfiguration section */
		D47DE46D21DFA5FD00CFCF47 /* Debug */ = {
			isa = XCBuildConfiguration;
			buildSettings = {
				ALWAYS_SEARCH_USER_PATHS = NO;
				CLANG_ANALYZER_NONNULL = YES;
				CLANG_ANALYZER_NUMBER_OBJECT_CONVERSION = YES_AGGRESSIVE;
				CLANG_CXX_LANGUAGE_STANDARD = "gnu++14";
				CLANG_CXX_LIBRARY = "libc++";
				CLANG_ENABLE_MODULES = YES;
				CLANG_ENABLE_OBJC_ARC = YES;
				CLANG_ENABLE_OBJC_WEAK = YES;
				CLANG_WARN_BLOCK_CAPTURE_AUTORELEASING = YES;
				CLANG_WARN_BOOL_CONVERSION = YES;
				CLANG_WARN_COMMA = YES;
				CLANG_WARN_CONSTANT_CONVERSION = YES;
				CLANG_WARN_DEPRECATED_OBJC_IMPLEMENTATIONS = YES;
				CLANG_WARN_DIRECT_OBJC_ISA_USAGE = YES_ERROR;
				CLANG_WARN_DOCUMENTATION_COMMENTS = YES;
				CLANG_WARN_EMPTY_BODY = YES;
				CLANG_WARN_ENUM_CONVERSION = YES;
				CLANG_WARN_INFINITE_RECURSION = YES;
				CLANG_WARN_INT_CONVERSION = YES;
				CLANG_WARN_NON_LITERAL_NULL_CONVERSION = YES;
				CLANG_WARN_OBJC_IMPLICIT_RETAIN_SELF = YES;
				CLANG_WARN_OBJC_LITERAL_CONVERSION = YES;
				CLANG_WARN_OBJC_ROOT_CLASS = YES_ERROR;
				CLANG_WARN_RANGE_LOOP_ANALYSIS = YES;
				CLANG_WARN_STRICT_PROTOTYPES = YES;
				CLANG_WARN_SUSPICIOUS_MOVE = YES;
				CLANG_WARN_UNGUARDED_AVAILABILITY = YES_AGGRESSIVE;
				CLANG_WARN_UNREACHABLE_CODE = YES;
				CLANG_WARN__DUPLICATE_METHOD_MATCH = YES;
				CODE_SIGN_IDENTITY = "iPhone Developer";
				COPY_PHASE_STRIP = NO;
				DEBUG_INFORMATION_FORMAT = dwarf;
				ENABLE_STRICT_OBJC_MSGSEND = YES;
				ENABLE_TESTABILITY = YES;
				GCC_C_LANGUAGE_STANDARD = gnu11;
				GCC_DYNAMIC_NO_PIC = NO;
				GCC_NO_COMMON_BLOCKS = YES;
				GCC_OPTIMIZATION_LEVEL = 0;
				GCC_PREPROCESSOR_DEFINITIONS = (
					"DEBUG=1",
					"$(inherited)",
				);
				GCC_WARN_64_TO_32_BIT_CONVERSION = YES;
				GCC_WARN_ABOUT_RETURN_TYPE = YES_ERROR;
				GCC_WARN_UNDECLARED_SELECTOR = YES;
				GCC_WARN_UNINITIALIZED_AUTOS = YES_AGGRESSIVE;
				GCC_WARN_UNUSED_FUNCTION = YES;
				GCC_WARN_UNUSED_VARIABLE = YES;
				IPHONEOS_DEPLOYMENT_TARGET = 12.1;
				MTL_ENABLE_DEBUG_INFO = INCLUDE_SOURCE;
				MTL_FAST_MATH = YES;
				ONLY_ACTIVE_ARCH = YES;
				SDKROOT = iphoneos;
				SWIFT_ACTIVE_COMPILATION_CONDITIONS = DEBUG;
				SWIFT_OPTIMIZATION_LEVEL = "-Onone";
			};
			name = Debug;
		};
		D47DE46E21DFA5FD00CFCF47 /* Release */ = {
			isa = XCBuildConfiguration;
			buildSettings = {
				ALWAYS_SEARCH_USER_PATHS = NO;
				CLANG_ANALYZER_NONNULL = YES;
				CLANG_ANALYZER_NUMBER_OBJECT_CONVERSION = YES_AGGRESSIVE;
				CLANG_CXX_LANGUAGE_STANDARD = "gnu++14";
				CLANG_CXX_LIBRARY = "libc++";
				CLANG_ENABLE_MODULES = YES;
				CLANG_ENABLE_OBJC_ARC = YES;
				CLANG_ENABLE_OBJC_WEAK = YES;
				CLANG_WARN_BLOCK_CAPTURE_AUTORELEASING = YES;
				CLANG_WARN_BOOL_CONVERSION = YES;
				CLANG_WARN_COMMA = YES;
				CLANG_WARN_CONSTANT_CONVERSION = YES;
				CLANG_WARN_DEPRECATED_OBJC_IMPLEMENTATIONS = YES;
				CLANG_WARN_DIRECT_OBJC_ISA_USAGE = YES_ERROR;
				CLANG_WARN_DOCUMENTATION_COMMENTS = YES;
				CLANG_WARN_EMPTY_BODY = YES;
				CLANG_WARN_ENUM_CONVERSION = YES;
				CLANG_WARN_INFINITE_RECURSION = YES;
				CLANG_WARN_INT_CONVERSION = YES;
				CLANG_WARN_NON_LITERAL_NULL_CONVERSION = YES;
				CLANG_WARN_OBJC_IMPLICIT_RETAIN_SELF = YES;
				CLANG_WARN_OBJC_LITERAL_CONVERSION = YES;
				CLANG_WARN_OBJC_ROOT_CLASS = YES_ERROR;
				CLANG_WARN_RANGE_LOOP_ANALYSIS = YES;
				CLANG_WARN_STRICT_PROTOTYPES = YES;
				CLANG_WARN_SUSPICIOUS_MOVE = YES;
				CLANG_WARN_UNGUARDED_AVAILABILITY = YES_AGGRESSIVE;
				CLANG_WARN_UNREACHABLE_CODE = YES;
				CLANG_WARN__DUPLICATE_METHOD_MATCH = YES;
				CODE_SIGN_IDENTITY = "iPhone Developer";
				COPY_PHASE_STRIP = NO;
				DEBUG_INFORMATION_FORMAT = "dwarf-with-dsym";
				ENABLE_NS_ASSERTIONS = NO;
				ENABLE_STRICT_OBJC_MSGSEND = YES;
				GCC_C_LANGUAGE_STANDARD = gnu11;
				GCC_NO_COMMON_BLOCKS = YES;
				GCC_WARN_64_TO_32_BIT_CONVERSION = YES;
				GCC_WARN_ABOUT_RETURN_TYPE = YES_ERROR;
				GCC_WARN_UNDECLARED_SELECTOR = YES;
				GCC_WARN_UNINITIALIZED_AUTOS = YES_AGGRESSIVE;
				GCC_WARN_UNUSED_FUNCTION = YES;
				GCC_WARN_UNUSED_VARIABLE = YES;
				IPHONEOS_DEPLOYMENT_TARGET = 12.1;
				MTL_ENABLE_DEBUG_INFO = NO;
				MTL_FAST_MATH = YES;
				SDKROOT = iphoneos;
				SWIFT_COMPILATION_MODE = wholemodule;
				SWIFT_OPTIMIZATION_LEVEL = "-O";
				VALIDATE_PRODUCT = YES;
			};
			name = Release;
		};
		D47DE47021DFA5FD00CFCF47 /* Debug */ = {
			isa = XCBuildConfiguration;
			baseConfigurationReference = E638B69D5E242535271822B4 /* Pods-ToDoey.debug.xcconfig */;
			buildSettings = {
				ASSETCATALOG_COMPILER_APPICON_NAME = AppIcon;
				CODE_SIGN_STYLE = Automatic;
				INFOPLIST_FILE = ToDoey/Info.plist;
				LD_RUNPATH_SEARCH_PATHS = (
					"$(inherited)",
					"@executable_path/Frameworks",
				);
				PRODUCT_BUNDLE_IDENTIFIER = studio.demi.ToDoey;
				PRODUCT_NAME = "$(TARGET_NAME)";
				SWIFT_VERSION = 4.2;
				TARGETED_DEVICE_FAMILY = "1,2";
			};
			name = Debug;
		};
		D47DE47121DFA5FD00CFCF47 /* Release */ = {
			isa = XCBuildConfiguration;
			baseConfigurationReference = ABDBC84B4EC268598D7FC080 /* Pods-ToDoey.release.xcconfig */;
			buildSettings = {
				ASSETCATALOG_COMPILER_APPICON_NAME = AppIcon;
				CODE_SIGN_STYLE = Automatic;
				INFOPLIST_FILE = ToDoey/Info.plist;
				LD_RUNPATH_SEARCH_PATHS = (
					"$(inherited)",
					"@executable_path/Frameworks",
				);
				PRODUCT_BUNDLE_IDENTIFIER = studio.demi.ToDoey;
				PRODUCT_NAME = "$(TARGET_NAME)";
				SWIFT_VERSION = 4.2;
				TARGETED_DEVICE_FAMILY = "1,2";
			};
			name = Release;
		};
/* End XCBuildConfiguration section */

/* Begin XCConfigurationList section */
		D47DE45821DFA5FB00CFCF47 /* Build configuration list for PBXProject "ToDoey" */ = {
			isa = XCConfigurationList;
			buildConfigurations = (
				D47DE46D21DFA5FD00CFCF47 /* Debug */,
				D47DE46E21DFA5FD00CFCF47 /* Release */,
			);
			defaultConfigurationIsVisible = 0;
			defaultConfigurationName = Release;
		};
		D47DE46F21DFA5FD00CFCF47 /* Build configuration list for PBXNativeTarget "ToDoey" */ = {
			isa = XCConfigurationList;
			buildConfigurations = (
				D47DE47021DFA5FD00CFCF47 /* Debug */,
				D47DE47121DFA5FD00CFCF47 /* Release */,
			);
			defaultConfigurationIsVisible = 0;
			defaultConfigurationName = Release;
		};
/* End XCConfigurationList section */
	};
	rootObject = D47DE45521DFA5FB00CFCF47 /* Project object */;
}
